
Microsoft Visual Studio Solution File, Format Version 12.00
# Visual Studio Version 17
VisualStudioVersion = 17.3.32825.248
MinimumVisualStudioVersion = 10.0.40219.1
Project("{FAE04EC0-301F-11D3-BF4B-00C04F79EFBC}") = "FormulaCalc.Web.UI", "FormulaCalc.Web.UI\FormulaCalc.Web.UI.csproj", "{A992E1E4-CD94-4F36-805E-79EA82E0F604}"
EndProject
Project("{FAE04EC0-301F-11D3-BF4B-00C04F79EFBC}") = "FormulaCalc.DebugConsole", "FormulaCalc.DebugConsole\FormulaCalc.DebugConsole.csproj", "{11BF43B9-7905-4A98-9DBD-C57FD1546172}"
EndProject
Global
	GlobalSection(SolutionConfigurationPlatforms) = preSolution
		Debug|Any CPU = Debug|Any CPU
		Release|Any CPU = Release|Any CPU
	EndGlobalSection
	GlobalSection(ProjectConfigurationPlatforms) = postSolution
		{A992E1E4-CD94-4F36-805E-79EA82E0F604}.Debug|Any CPU.ActiveCfg = Debug|Any CPU
		{A992E1E4-CD94-4F36-805E-79EA82E0F604}.Debug|Any CPU.Build.0 = Debug|Any CPU
		{A992E1E4-CD94-4F36-805E-79EA82E0F604}.Release|Any CPU.ActiveCfg = Release|Any CPU
		{A992E1E4-CD94-4F36-805E-79EA82E0F604}.Release|Any CPU.Build.0 = Release|Any CPU
		{11BF43B9-7905-4A98-9DBD-C57FD1546172}.Debug|Any CPU.ActiveCfg = Debug|Any CPU
		{11BF43B9-7905-4A98-9DBD-C57FD1546172}.Debug|Any CPU.Build.0 = Debug|Any CPU
		{11BF43B9-7905-4A98-9DBD-C57FD1546172}.Release|Any CPU.ActiveCfg = Release|Any CPU
		{11BF43B9-7905-4A98-9DBD-C57FD1546172}.Release|Any CPU.Build.0 = Release|Any CPU
	EndGlobalSection
	GlobalSection(SolutionProperties) = preSolution
		HideSolutionNode = FALSE
	EndGlobalSection
	GlobalSection(ExtensibilityGlobals) = postSolution
		SolutionGuid = {626AE57B-DC16-4CE0-8ACA-AC7564D46AFC}
	EndGlobalSection
EndGlobal
